
Microsoft Visual Studio Solution File, Format Version 12.00
# Visual Studio Version 17
VisualStudioVersion = 17.0.31314.256
MinimumVisualStudioVersion = 10.0.40219.1
Project("{2150E333-8FDC-42A3-9474-1A3956D46DE8}") = "Engine", "Engine", "{233774A8-CC9D-3FA9-86D1-90573E92B704}"
EndProject
Project("{2150E333-8FDC-42A3-9474-1A3956D46DE8}") = "Games", "Games", "{DE1F8B53-6C02-3C13-9101-A7C8D96F3FF6}"
EndProject
Project("{8BC9CEB8-8B4A-11D0-8D11-00A0C91BC942}") = "UE5", "Intermediate\ProjectFiles\UE5.vcxproj", "{0885450F-F66A-361B-857C-79AAF4329F6D}"
EndProject
Project("{8BC9CEB8-8B4A-11D0-8D11-00A0C91BC942}") = "RealBandMultiUser", "Intermediate\ProjectFiles\RealBandMultiUser.vcxproj", "{908C9322-896E-34D4-840C-02A377D23D86}"
EndProject
Project("{2150E333-8FDC-42A3-9474-1A3956D46DE8}") = "Visualizers", "Visualizers", "{1CCEC849-CC72-4C59-8C36-2F7C38706D4C}"
	ProjectSection(SolutionItems) = preProject
		..\..\Program Files\Epic Games\UE_5.1\Engine\Extras\VisualStudioDebugging\Unreal.natvis = ..\..\Program Files\Epic Games\UE_5.1\Engine\Extras\VisualStudioDebugging\Unreal.natvis
	EndProjectSection
EndProject
Global
	GlobalSection(SolutionConfigurationPlatforms) = preSolution
		DebugGame Editor|Android = DebugGame Editor|Android
		DebugGame Editor|IOS = DebugGame Editor|IOS
		DebugGame Editor|Win64 = DebugGame Editor|Win64
		DebugGame|Android = DebugGame|Android
		DebugGame|IOS = DebugGame|IOS
		DebugGame|Win64 = DebugGame|Win64
		Development Editor|Android = Development Editor|Android
		Development Editor|IOS = Development Editor|IOS
		Development Editor|Win64 = Development Editor|Win64
		Development|Android = Development|Android
		Development|IOS = Development|IOS
		Development|Win64 = Development|Win64
		Shipping|Android = Shipping|Android
		Shipping|IOS = Shipping|IOS
		Shipping|Win64 = Shipping|Win64
	EndGlobalSection
	# UnrealVS Section
	GlobalSection(ddbf523f-7eb6-4887-bd51-85a714ff87eb) = preSolution
		AvailablePlatforms=Win64;IOS;Android
	EndGlobalSection
	GlobalSection(ProjectConfigurationPlatforms) = postSolution
		{0885450F-F66A-361B-857C-79AAF4329F6D}.DebugGame Editor|Android.ActiveCfg = BuiltWithUnrealBuildTool|Win64
		{0885450F-F66A-361B-857C-79AAF4329F6D}.DebugGame Editor|IOS.ActiveCfg = BuiltWithUnrealBuildTool|Win64
		{0885450F-F66A-361B-857C-79AAF4329F6D}.DebugGame Editor|Win64.ActiveCfg = BuiltWithUnrealBuildTool|Win64
		{0885450F-F66A-361B-857C-79AAF4329F6D}.DebugGame|Android.ActiveCfg = BuiltWithUnrealBuildTool|Win64
		{0885450F-F66A-361B-857C-79AAF4329F6D}.DebugGame|IOS.ActiveCfg = BuiltWithUnrealBuildTool|Win64
		{0885450F-F66A-361B-857C-79AAF4329F6D}.DebugGame|Win64.ActiveCfg = BuiltWithUnrealBuildTool|Win64
		{0885450F-F66A-361B-857C-79AAF4329F6D}.Development Editor|Android.ActiveCfg = BuiltWithUnrealBuildTool|Win64
		{0885450F-F66A-361B-857C-79AAF4329F6D}.Development Editor|IOS.ActiveCfg = BuiltWithUnrealBuildTool|Win64
		{0885450F-F66A-361B-857C-79AAF4329F6D}.Development Editor|Win64.ActiveCfg = BuiltWithUnrealBuildTool|Win64
		{0885450F-F66A-361B-857C-79AAF4329F6D}.Development|Android.ActiveCfg = BuiltWithUnrealBuildTool|Win64
		{0885450F-F66A-361B-857C-79AAF4329F6D}.Development|IOS.ActiveCfg = BuiltWithUnrealBuildTool|Win64
		{0885450F-F66A-361B-857C-79AAF4329F6D}.Development|Win64.ActiveCfg = BuiltWithUnrealBuildTool|Win64
		{0885450F-F66A-361B-857C-79AAF4329F6D}.Shipping|Android.ActiveCfg = BuiltWithUnrealBuildTool|Win64
		{0885450F-F66A-361B-857C-79AAF4329F6D}.Shipping|IOS.ActiveCfg = BuiltWithUnrealBuildTool|Win64
		{0885450F-F66A-361B-857C-79AAF4329F6D}.Shipping|Win64.ActiveCfg = BuiltWithUnrealBuildTool|Win64
		{908C9322-896E-34D4-840C-02A377D23D86}.DebugGame Editor|Android.ActiveCfg = Invalid|x64
		{908C9322-896E-34D4-840C-02A377D23D86}.DebugGame Editor|IOS.ActiveCfg = Invalid|x64
		{908C9322-896E-34D4-840C-02A377D23D86}.DebugGame Editor|Win64.ActiveCfg = DebugGame_Editor|x64
		{908C9322-896E-34D4-840C-02A377D23D86}.DebugGame Editor|Win64.Build.0 = DebugGame_Editor|x64
		{908C9322-896E-34D4-840C-02A377D23D86}.DebugGame|Android.ActiveCfg = Android_DebugGame|Win64
		{908C9322-896E-34D4-840C-02A377D23D86}.DebugGame|Android.Build.0 = Android_DebugGame|Win64
		{908C9322-896E-34D4-840C-02A377D23D86}.DebugGame|IOS.ActiveCfg = IOS_DebugGame|Win64
		{908C9322-896E-34D4-840C-02A377D23D86}.DebugGame|IOS.Build.0 = IOS_DebugGame|Win64
		{908C9322-896E-34D4-840C-02A377D23D86}.DebugGame|Win64.ActiveCfg = DebugGame|x64
		{908C9322-896E-34D4-840C-02A377D23D86}.DebugGame|Win64.Build.0 = DebugGame|x64
		{908C9322-896E-34D4-840C-02A377D23D86}.Development Editor|Android.ActiveCfg = Invalid|x64
		{908C9322-896E-34D4-840C-02A377D23D86}.Development Editor|IOS.ActiveCfg = Invalid|x64
		{908C9322-896E-34D4-840C-02A377D23D86}.Development Editor|Win64.ActiveCfg = Development_Editor|x64
		{908C9322-896E-34D4-840C-02A377D23D86}.Development Editor|Win64.Build.0 = Development_Editor|x64
		{908C9322-896E-34D4-840C-02A377D23D86}.Development|Android.ActiveCfg = Android_Development|Win64
		{908C9322-896E-34D4-840C-02A377D23D86}.Development|Android.Build.0 = Android_Development|Win64
		{908C9322-896E-34D4-840C-02A377D23D86}.Development|IOS.ActiveCfg = IOS_Development|Win64
		{908C9322-896E-34D4-840C-02A377D23D86}.Development|IOS.Build.0 = IOS_Development|Win64
		{908C9322-896E-34D4-840C-02A377D23D86}.Development|Win64.ActiveCfg = Development|x64
		{908C9322-896E-34D4-840C-02A377D23D86}.Development|Win64.Build.0 = Development|x64
		{908C9322-896E-34D4-840C-02A377D23D86}.Shipping|Android.ActiveCfg = Android_Shipping|Win64
		{908C9322-896E-34D4-840C-02A377D23D86}.Shipping|Android.Build.0 = Android_Shipping|Win64
		{908C9322-896E-34D4-840C-02A377D23D86}.Shipping|IOS.ActiveCfg = IOS_Shipping|Win64
		{908C9322-896E-34D4-840C-02A377D23D86}.Shipping|IOS.Build.0 = IOS_Shipping|Win64
		{908C9322-896E-34D4-840C-02A377D23D86}.Shipping|Win64.ActiveCfg = Shipping|x64
		{908C9322-896E-34D4-840C-02A377D23D86}.Shipping|Win64.Build.0 = Shipping|x64
	EndGlobalSection
	GlobalSection(SolutionProperties) = preSolution
		HideSolutionNode = FALSE
	EndGlobalSection
	GlobalSection(NestedProjects) = preSolution
		{0885450F-F66A-361B-857C-79AAF4329F6D} = {233774A8-CC9D-3FA9-86D1-90573E92B704}
		{908C9322-896E-34D4-840C-02A377D23D86} = {DE1F8B53-6C02-3C13-9101-A7C8D96F3FF6}
	EndGlobalSection
EndGlobal
